
Microsoft Visual Studio Solution File, Format Version 12.00
# Visual Studio Version 17
VisualStudioVersion = 17.5.33530.505
MinimumVisualStudioVersion = 10.0.40219.1
Project("{FAE04EC0-301F-11D3-BF4B-00C04F79EFBC}") = "WebApplication1a", "WebApplication1a\WebApplication1a.csproj", "{5154638A-12B7-4BB8-A019-E6152F993813}"
EndProject
Global
	GlobalSection(SolutionConfigurationPlatforms) = preSolution
		Debug|Any CPU = Debug|Any CPU
		Release|Any CPU = Release|Any CPU
	EndGlobalSection
	GlobalSection(ProjectConfigurationPlatforms) = postSolution
		{5154638A-12B7-4BB8-A019-E6152F993813}.Debug|Any CPU.ActiveCfg = Debug|Any CPU
		{5154638A-12B7-4BB8-A019-E6152F993813}.Debug|Any CPU.Build.0 = Debug|Any CPU
		{5154638A-12B7-4BB8-A019-E6152F993813}.Release|Any CPU.ActiveCfg = Release|Any CPU
		{5154638A-12B7-4BB8-A019-E6152F993813}.Release|Any CPU.Build.0 = Release|Any CPU
	EndGlobalSection
	GlobalSection(SolutionProperties) = preSolution
		HideSolutionNode = FALSE
	EndGlobalSection
	GlobalSection(ExtensibilityGlobals) = postSolution
		SolutionGuid = {ECFB0AAE-E188-4857-88B9-A5E9FE499F66}
	EndGlobalSection
EndGlobal
